%{"certifi": {:hex, :certifi, "0.7.0", "861a57f3808f7eb0c2d1802afeaae0fa5de813b0df0979153cbafcd853ababaf", [:rebar3], []},
  "hackney": {:hex, :hackney, "1.6.2", "96a0a5e7e65b7acad8031d231965718cc70a9b4131a8b033b7543bbd673b8210", [:rebar3, :mix], [{:certifi, "0.7.0", [hex: :certifi, optional: false]}, {:idna, "1.2.0", [hex: :idna, optional: false]}, {:metrics, "1.0.1", [hex: :metrics, optional: false]}, {:mimerl, "1.0.2", [hex: :mimerl, optional: false]}, {:ssl_verify_fun, "1.1.1", [hex: :ssl_verify_fun, optional: false]}]},
  "idna": {:hex, :idna, "1.2.0", "ac62ee99da068f43c50dc69acf700e03a62a348360126260e87f2b54eced86b2", [:rebar3], []},
  "metrics": {:hex, :metrics, "1.0.1", "25f094dea2cda98213cecc3aeff09e940299d950904393b2a29d191c346a8486", [:rebar3], []},
  "mimerl": {:hex, :mimerl, "1.0.2", "993f9b0e084083405ed8252b99460c4f0563e41729ab42d9074fd5e52439be88", [:rebar3], []},
  "oauth2": {:hex, :oauth2, "0.8.0", "9650476a695a22c75fa9a0a8fed8094a135ba1972a7f421450e9b10cba3547dd", [:mix], [{:hackney, "~> 1.6", [hex: :hackney, optional: false]}]},
  "poison": {:hex, :poison, "3.0.0", "625ebd64d33ae2e65201c2c14d6c85c27cc8b68f2d0dd37828fde9c6920dd131", [:mix], []},
  "ssl_verify_fun": {:hex, :ssl_verify_fun, "1.1.1", "28a4d65b7f59893bc2c7de786dec1e1555bd742d336043fe644ae956c3497fbe", [:rebar, :make], []}}
